// !$*UTF8*$!
{
	archiveVersion = 1;
	classes = {
	};
	objectVersion = 46;
	objects = {

/* Begin PBXBuildFile section */
		4314C91A53FA7B80BEC9145D /* Pods_NutriApp.framework in Frameworks */ = {isa = PBXBuildFile; fileRef = BC5528C040D3AAFF20DD48F1 /* Pods_NutriApp.framework */; };
		885F6A721CB4AE98009D6E14 /* User.swift in Sources */ = {isa = PBXBuildFile; fileRef = 885F6A711CB4AE98009D6E14 /* User.swift */; };
		8866B4961CB73DEC00A1376A /* userMedia.swift in Sources */ = {isa = PBXBuildFile; fileRef = 8866B4951CB73DEC00A1376A /* userMedia.swift */; };
		88C667B01CB1C7B0005A53AB /* LoginViewController.swift in Sources */ = {isa = PBXBuildFile; fileRef = 88C667AF1CB1C7B0005A53AB /* LoginViewController.swift */; };
		88C667B21CB1D134005A53AB /* StartViewController.swift in Sources */ = {isa = PBXBuildFile; fileRef = 88C667B11CB1D134005A53AB /* StartViewController.swift */; };
		88EDB6BE1CB723C300338B2D /* ProfileEditViewController.swift in Sources */ = {isa = PBXBuildFile; fileRef = 88EDB6BD1CB723C300338B2D /* ProfileEditViewController.swift */; };
		BC04E6231C76C46A0092CC46 /* AppDelegate.swift in Sources */ = {isa = PBXBuildFile; fileRef = BC04E6221C76C46A0092CC46 /* AppDelegate.swift */; };
		BC04E6281C76C46A0092CC46 /* Main.storyboard in Resources */ = {isa = PBXBuildFile; fileRef = BC04E6261C76C46A0092CC46 /* Main.storyboard */; };
		BC04E62A1C76C46A0092CC46 /* Assets.xcassets in Resources */ = {isa = PBXBuildFile; fileRef = BC04E6291C76C46A0092CC46 /* Assets.xcassets */; };
		BC04E62D1C76C46A0092CC46 /* LaunchScreen.storyboard in Resources */ = {isa = PBXBuildFile; fileRef = BC04E62B1C76C46A0092CC46 /* LaunchScreen.storyboard */; };
		BC60F24F1CAD96D200642522 /* PlanViewController.swift in Sources */ = {isa = PBXBuildFile; fileRef = BC60F24E1CAD96D200642522 /* PlanViewController.swift */; };
		BC60F2511CAD978A00642522 /* MainViewController.swift in Sources */ = {isa = PBXBuildFile; fileRef = BC60F2501CAD978A00642522 /* MainViewController.swift */; };
		BC60F2591CAD9FA100642522 /* MenuViewController.swift in Sources */ = {isa = PBXBuildFile; fileRef = BC60F2581CAD9FA100642522 /* MenuViewController.swift */; };
		BC60F25B1CADA11100642522 /* ContainerViewController.swift in Sources */ = {isa = PBXBuildFile; fileRef = BC60F25A1CADA11100642522 /* ContainerViewController.swift */; };
		BC60F25D1CADA7ED00642522 /* MainNavigationController.swift in Sources */ = {isa = PBXBuildFile; fileRef = BC60F25C1CADA7ED00642522 /* MainNavigationController.swift */; };
		BC60F25F1CADCE2000642522 /* ManageProgressViewController.swift in Sources */ = {isa = PBXBuildFile; fileRef = BC60F25E1CADCE2000642522 /* ManageProgressViewController.swift */; };
		BC60F2611CADCE3000642522 /* ManageSupporterViewController.swift in Sources */ = {isa = PBXBuildFile; fileRef = BC60F2601CADCE3000642522 /* ManageSupporterViewController.swift */; };
		BC60F2631CADCE3900642522 /* SupportingViewController.swift in Sources */ = {isa = PBXBuildFile; fileRef = BC60F2621CADCE3900642522 /* SupportingViewController.swift */; };
		BC60F2651CADCE4300642522 /* CalendarViewController.swift in Sources */ = {isa = PBXBuildFile; fileRef = BC60F2641CADCE4300642522 /* CalendarViewController.swift */; };
		BC60F2671CADCE4C00642522 /* ProfileViewController.swift in Sources */ = {isa = PBXBuildFile; fileRef = BC60F2661CADCE4C00642522 /* ProfileViewController.swift */; };
/* End PBXBuildFile section */

/* Begin PBXFileReference section */
		4838F0E4F5335885F1E850C7 /* Pods-NutriApp.debug.xcconfig */ = {isa = PBXFileReference; includeInIndex = 1; lastKnownFileType = text.xcconfig; name = "Pods-NutriApp.debug.xcconfig"; path = "Pods/Target Support Files/Pods-NutriApp/Pods-NutriApp.debug.xcconfig"; sourceTree = "<group>"; };
		5F7D1BF66BAAA4414B5D7EA2 /* Pods-NutriApp.release.xcconfig */ = {isa = PBXFileReference; includeInIndex = 1; lastKnownFileType = text.xcconfig; name = "Pods-NutriApp.release.xcconfig"; path = "Pods/Target Support Files/Pods-NutriApp/Pods-NutriApp.release.xcconfig"; sourceTree = "<group>"; };
		885F6A711CB4AE98009D6E14 /* User.swift */ = {isa = PBXFileReference; fileEncoding = 4; lastKnownFileType = sourcecode.swift; path = User.swift; sourceTree = "<group>"; };
		8866B4951CB73DEC00A1376A /* userMedia.swift */ = {isa = PBXFileReference; fileEncoding = 4; lastKnownFileType = sourcecode.swift; path = userMedia.swift; sourceTree = "<group>"; };
		88C667AF1CB1C7B0005A53AB /* LoginViewController.swift */ = {isa = PBXFileReference; fileEncoding = 4; lastKnownFileType = sourcecode.swift; path = LoginViewController.swift; sourceTree = "<group>"; };
		88C667B11CB1D134005A53AB /* StartViewController.swift */ = {isa = PBXFileReference; fileEncoding = 4; lastKnownFileType = sourcecode.swift; path = StartViewController.swift; sourceTree = "<group>"; };
		88EDB6BD1CB723C300338B2D /* ProfileEditViewController.swift */ = {isa = PBXFileReference; fileEncoding = 4; lastKnownFileType = sourcecode.swift; path = ProfileEditViewController.swift; sourceTree = "<group>"; };
		BC04E61F1C76C46A0092CC46 /* NutriApp.app */ = {isa = PBXFileReference; explicitFileType = wrapper.application; includeInIndex = 0; path = NutriApp.app; sourceTree = BUILT_PRODUCTS_DIR; };
		BC04E6221C76C46A0092CC46 /* AppDelegate.swift */ = {isa = PBXFileReference; lastKnownFileType = sourcecode.swift; path = AppDelegate.swift; sourceTree = "<group>"; };
		BC04E6271C76C46A0092CC46 /* Base */ = {isa = PBXFileReference; lastKnownFileType = file.storyboard; name = Base; path = Base.lproj/Main.storyboard; sourceTree = "<group>"; };
		BC04E6291C76C46A0092CC46 /* Assets.xcassets */ = {isa = PBXFileReference; lastKnownFileType = folder.assetcatalog; path = Assets.xcassets; sourceTree = "<group>"; };
		BC04E62C1C76C46A0092CC46 /* Base */ = {isa = PBXFileReference; lastKnownFileType = file.storyboard; name = Base; path = Base.lproj/LaunchScreen.storyboard; sourceTree = "<group>"; };
		BC04E62E1C76C46A0092CC46 /* Info.plist */ = {isa = PBXFileReference; lastKnownFileType = text.plist.xml; path = Info.plist; sourceTree = "<group>"; };
		BC5528C040D3AAFF20DD48F1 /* Pods_NutriApp.framework */ = {isa = PBXFileReference; explicitFileType = wrapper.framework; includeInIndex = 0; path = Pods_NutriApp.framework; sourceTree = BUILT_PRODUCTS_DIR; };
		BC60F24E1CAD96D200642522 /* PlanViewController.swift */ = {isa = PBXFileReference; fileEncoding = 4; lastKnownFileType = sourcecode.swift; path = PlanViewController.swift; sourceTree = "<group>"; };
		BC60F2501CAD978A00642522 /* MainViewController.swift */ = {isa = PBXFileReference; fileEncoding = 4; lastKnownFileType = sourcecode.swift; path = MainViewController.swift; sourceTree = "<group>"; };
		BC60F2581CAD9FA100642522 /* MenuViewController.swift */ = {isa = PBXFileReference; fileEncoding = 4; lastKnownFileType = sourcecode.swift; path = MenuViewController.swift; sourceTree = "<group>"; };
		BC60F25A1CADA11100642522 /* ContainerViewController.swift */ = {isa = PBXFileReference; fileEncoding = 4; lastKnownFileType = sourcecode.swift; path = ContainerViewController.swift; sourceTree = "<group>"; };
		BC60F25C1CADA7ED00642522 /* MainNavigationController.swift */ = {isa = PBXFileReference; fileEncoding = 4; lastKnownFileType = sourcecode.swift; path = MainNavigationController.swift; sourceTree = "<group>"; };
		BC60F25E1CADCE2000642522 /* ManageProgressViewController.swift */ = {isa = PBXFileReference; fileEncoding = 4; lastKnownFileType = sourcecode.swift; path = ManageProgressViewController.swift; sourceTree = "<group>"; };
		BC60F2601CADCE3000642522 /* ManageSupporterViewController.swift */ = {isa = PBXFileReference; fileEncoding = 4; lastKnownFileType = sourcecode.swift; path = ManageSupporterViewController.swift; sourceTree = "<group>"; };
		BC60F2621CADCE3900642522 /* SupportingViewController.swift */ = {isa = PBXFileReference; fileEncoding = 4; lastKnownFileType = sourcecode.swift; path = SupportingViewController.swift; sourceTree = "<group>"; };
		BC60F2641CADCE4300642522 /* CalendarViewController.swift */ = {isa = PBXFileReference; fileEncoding = 4; lastKnownFileType = sourcecode.swift; path = CalendarViewController.swift; sourceTree = "<group>"; };
		BC60F2661CADCE4C00642522 /* ProfileViewController.swift */ = {isa = PBXFileReference; fileEncoding = 4; lastKnownFileType = sourcecode.swift; path = ProfileViewController.swift; sourceTree = "<group>"; };
/* End PBXFileReference section */

/* Begin PBXFrameworksBuildPhase section */
		BC04E61C1C76C46A0092CC46 /* Frameworks */ = {
			isa = PBXFrameworksBuildPhase;
			buildActionMask = 2147483647;
			files = (
				4314C91A53FA7B80BEC9145D /* Pods_NutriApp.framework in Frameworks */,
			);
			runOnlyForDeploymentPostprocessing = 0;
		};
/* End PBXFrameworksBuildPhase section */

/* Begin PBXGroup section */
		0B2A8B1FE6FF99DEB4B6075E /* Frameworks */ = {
			isa = PBXGroup;
			children = (
				BC5528C040D3AAFF20DD48F1 /* Pods_NutriApp.framework */,
			);
			name = Frameworks;
			sourceTree = "<group>";
		};
		885F6A701CB4AE77009D6E14 /* Models */ = {
			isa = PBXGroup;
			children = (
				885F6A711CB4AE98009D6E14 /* User.swift */,
				8866B4951CB73DEC00A1376A /* userMedia.swift */,
			);
			name = Models;
			sourceTree = "<group>";
		};
		9BB9F386C6ACAF060C288A26 /* Pods */ = {
			isa = PBXGroup;
			children = (
				4838F0E4F5335885F1E850C7 /* Pods-NutriApp.debug.xcconfig */,
				5F7D1BF66BAAA4414B5D7EA2 /* Pods-NutriApp.release.xcconfig */,
			);
			name = Pods;
			sourceTree = "<group>";
		};
		BC04E6161C76C4690092CC46 = {
			isa = PBXGroup;
			children = (
				BC04E6211C76C46A0092CC46 /* NutriApp */,
				BC04E6201C76C46A0092CC46 /* Products */,
				0B2A8B1FE6FF99DEB4B6075E /* Frameworks */,
				9BB9F386C6ACAF060C288A26 /* Pods */,
			);
			sourceTree = "<group>";
		};
		BC04E6201C76C46A0092CC46 /* Products */ = {
			isa = PBXGroup;
			children = (
				BC04E61F1C76C46A0092CC46 /* NutriApp.app */,
			);
			name = Products;
			sourceTree = "<group>";
		};
		BC04E6211C76C46A0092CC46 /* NutriApp */ = {
			isa = PBXGroup;
			children = (
				885F6A701CB4AE77009D6E14 /* Models */,
				BC60F2681CADE02D00642522 /* ViewControllers */,
				BC04E6221C76C46A0092CC46 /* AppDelegate.swift */,
				BC04E6261C76C46A0092CC46 /* Main.storyboard */,
				BC04E6291C76C46A0092CC46 /* Assets.xcassets */,
				BC04E62B1C76C46A0092CC46 /* LaunchScreen.storyboard */,
				BC04E62E1C76C46A0092CC46 /* Info.plist */,
				BC60F25C1CADA7ED00642522 /* MainNavigationController.swift */,
			);
			path = NutriApp;
			sourceTree = "<group>";
		};
		BC60F2681CADE02D00642522 /* ViewControllers */ = {
			isa = PBXGroup;
			children = (
				88C667B11CB1D134005A53AB /* StartViewController.swift */,
				88C667AF1CB1C7B0005A53AB /* LoginViewController.swift */,
				BC60F25A1CADA11100642522 /* ContainerViewController.swift */,
				BC60F2581CAD9FA100642522 /* MenuViewController.swift */,
				BC60F25E1CADCE2000642522 /* ManageProgressViewController.swift */,
				BC60F2601CADCE3000642522 /* ManageSupporterViewController.swift */,
				BC60F2621CADCE3900642522 /* SupportingViewController.swift */,
				BC60F2641CADCE4300642522 /* CalendarViewController.swift */,
				BC60F2661CADCE4C00642522 /* ProfileViewController.swift */,
				88EDB6BD1CB723C300338B2D /* ProfileEditViewController.swift */,
				BC60F24E1CAD96D200642522 /* PlanViewController.swift */,
				BC60F2501CAD978A00642522 /* MainViewController.swift */,
			);
			name = ViewControllers;
			sourceTree = "<group>";
		};
/* End PBXGroup section */

/* Begin PBXNativeTarget section */
		BC04E61E1C76C46A0092CC46 /* NutriApp */ = {
			isa = PBXNativeTarget;
			buildConfigurationList = BC04E6311C76C46A0092CC46 /* Build configuration list for PBXNativeTarget "NutriApp" */;
			buildPhases = (
				767BB0DCCD10459AFF1553AA /* Check Pods Manifest.lock */,
				BC04E61B1C76C46A0092CC46 /* Sources */,
				BC04E61C1C76C46A0092CC46 /* Frameworks */,
				BC04E61D1C76C46A0092CC46 /* Resources */,
				A92FAC701BD6701BC3196A5C /* Embed Pods Frameworks */,
				B1F66B7ED960379AD603364A /* Copy Pods Resources */,
			);
			buildRules = (
			);
			dependencies = (
			);
			name = NutriApp;
			productName = NutriApp;
			productReference = BC04E61F1C76C46A0092CC46 /* NutriApp.app */;
			productType = "com.apple.product-type.application";
		};
/* End PBXNativeTarget section */

/* Begin PBXProject section */
		BC04E6171C76C46A0092CC46 /* Project object */ = {
			isa = PBXProject;
			attributes = {
				LastSwiftUpdateCheck = 0710;
				LastUpgradeCheck = 0710;
				ORGANIZATIONNAME = "Kevin Tran";
				TargetAttributes = {
					BC04E61E1C76C46A0092CC46 = {
						CreatedOnToolsVersion = 7.1.1;
					};
				};
			};
			buildConfigurationList = BC04E61A1C76C46A0092CC46 /* Build configuration list for PBXProject "NutriApp" */;
			compatibilityVersion = "Xcode 3.2";
			developmentRegion = English;
			hasScannedForEncodings = 0;
			knownRegions = (
				en,
				Base,
			);
			mainGroup = BC04E6161C76C4690092CC46;
			productRefGroup = BC04E6201C76C46A0092CC46 /* Products */;
			projectDirPath = "";
			projectRoot = "";
			targets = (
				BC04E61E1C76C46A0092CC46 /* NutriApp */,
			);
		};
/* End PBXProject section */

/* Begin PBXResourcesBuildPhase section */
		BC04E61D1C76C46A0092CC46 /* Resources */ = {
			isa = PBXResourcesBuildPhase;
			buildActionMask = 2147483647;
			files = (
				BC04E62D1C76C46A0092CC46 /* LaunchScreen.storyboard in Resources */,
				BC04E62A1C76C46A0092CC46 /* Assets.xcassets in Resources */,
				BC04E6281C76C46A0092CC46 /* Main.storyboard in Resources */,
			);
			runOnlyForDeploymentPostprocessing = 0;
		};
/* End PBXResourcesBuildPhase section */

/* Begin PBXShellScriptBuildPhase section */
		767BB0DCCD10459AFF1553AA /* Check Pods Manifest.lock */ = {
			isa = PBXShellScriptBuildPhase;
			buildActionMask = 2147483647;
			files = (
			);
			inputPaths = (
			);
			name = "Check Pods Manifest.lock";
			outputPaths = (
			);
			runOnlyForDeploymentPostprocessing = 0;
			shellPath = /bin/sh;
			shellScript = "diff \"${PODS_ROOT}/../Podfile.lock\" \"${PODS_ROOT}/Manifest.lock\" > /dev/null\nif [[ $? != 0 ]] ; then\n    cat << EOM\nerror: The sandbox is not in sync with the Podfile.lock. Run 'pod install' or update your CocoaPods installation.\nEOM\n    exit 1\nfi\n";
			showEnvVarsInLog = 0;
		};
		A92FAC701BD6701BC3196A5C /* Embed Pods Frameworks */ = {
			isa = PBXShellScriptBuildPhase;
			buildActionMask = 2147483647;
			files = (
			);
			inputPaths = (
			);
			name = "Embed Pods Frameworks";
			outputPaths = (
			);
			runOnlyForDeploymentPostprocessing = 0;
			shellPath = /bin/sh;
			shellScript = "\"${SRCROOT}/Pods/Target Support Files/Pods-NutriApp/Pods-NutriApp-frameworks.sh\"\n";
			showEnvVarsInLog = 0;
		};
		B1F66B7ED960379AD603364A /* Copy Pods Resources */ = {
			isa = PBXShellScriptBuildPhase;
			buildActionMask = 2147483647;
			files = (
			);
			inputPaths = (
			);
			name = "Copy Pods Resources";
			outputPaths = (
			);
			runOnlyForDeploymentPostprocessing = 0;
			shellPath = /bin/sh;
			shellScript = "\"${SRCROOT}/Pods/Target Support Files/Pods-NutriApp/Pods-NutriApp-resources.sh\"\n";
			showEnvVarsInLog = 0;
		};
/* End PBXShellScriptBuildPhase section */

/* Begin PBXSourcesBuildPhase section */
		BC04E61B1C76C46A0092CC46 /* Sources */ = {
			isa = PBXSourcesBuildPhase;
			buildActionMask = 2147483647;
			files = (
				88C667B01CB1C7B0005A53AB /* LoginViewController.swift in Sources */,
				88EDB6BE1CB723C300338B2D /* ProfileEditViewController.swift in Sources */,
				BC60F25D1CADA7ED00642522 /* MainNavigationController.swift in Sources */,
				BC60F2631CADCE3900642522 /* SupportingViewController.swift in Sources */,
				BC60F2651CADCE4300642522 /* CalendarViewController.swift in Sources */,
				BC60F25F1CADCE2000642522 /* ManageProgressViewController.swift in Sources */,
				BC60F25B1CADA11100642522 /* ContainerViewController.swift in Sources */,
				885F6A721CB4AE98009D6E14 /* User.swift in Sources */,
				BC60F2671CADCE4C00642522 /* ProfileViewController.swift in Sources */,
				8866B4961CB73DEC00A1376A /* userMedia.swift in Sources */,
				BC60F2611CADCE3000642522 /* ManageSupporterViewController.swift in Sources */,
				88C667B21CB1D134005A53AB /* StartViewController.swift in Sources */,
				BC04E6231C76C46A0092CC46 /* AppDelegate.swift in Sources */,
				BC60F24F1CAD96D200642522 /* PlanViewController.swift in Sources */,
				BC60F2511CAD978A00642522 /* MainViewController.swift in Sources */,
				BC60F2591CAD9FA100642522 /* MenuViewController.swift in Sources */,
			);
			runOnlyForDeploymentPostprocessing = 0;
		};
/* End PBXSourcesBuildPhase section */

/* Begin PBXVariantGroup section */
		BC04E6261C76C46A0092CC46 /* Main.storyboard */ = {
			isa = PBXVariantGroup;
			children = (
				BC04E6271C76C46A0092CC46 /* Base */,
			);
			name = Main.storyboard;
			sourceTree = "<group>";
		};
		BC04E62B1C76C46A0092CC46 /* LaunchScreen.storyboard */ = {
			isa = PBXVariantGroup;
			children = (
				BC04E62C1C76C46A0092CC46 /* Base */,
			);
			name = LaunchScreen.storyboard;
			sourceTree = "<group>";
		};
/* End PBXVariantGroup section */

/* Begin XCBuildConfiguration section */
		BC04E62F1C76C46A0092CC46 /* Debug */ = {
			isa = XCBuildConfiguration;
			buildSettings = {
				ALWAYS_SEARCH_USER_PATHS = NO;
				CLANG_CXX_LANGUAGE_STANDARD = "gnu++0x";
				CLANG_CXX_LIBRARY = "libc++";
				CLANG_ENABLE_MODULES = YES;
				CLANG_ENABLE_OBJC_ARC = YES;
				CLANG_WARN_BOOL_CONVERSION = YES;
				CLANG_WARN_CONSTANT_CONVERSION = YES;
				CLANG_WARN_DIRECT_OBJC_ISA_USAGE = YES_ERROR;
				CLANG_WARN_EMPTY_BODY = YES;
				CLANG_WARN_ENUM_CONVERSION = YES;
				CLANG_WARN_INT_CONVERSION = YES;
				CLANG_WARN_OBJC_ROOT_CLASS = YES_ERROR;
				CLANG_WARN_UNREACHABLE_CODE = YES;
				CLANG_WARN__DUPLICATE_METHOD_MATCH = YES;
				"CODE_SIGN_IDENTITY[sdk=iphoneos*]" = "iPhone Developer";
				COPY_PHASE_STRIP = NO;
				DEBUG_INFORMATION_FORMAT = dwarf;
				ENABLE_STRICT_OBJC_MSGSEND = YES;
				ENABLE_TESTABILITY = YES;
				GCC_C_LANGUAGE_STANDARD = gnu99;
				GCC_DYNAMIC_NO_PIC = NO;
				GCC_NO_COMMON_BLOCKS = YES;
				GCC_OPTIMIZATION_LEVEL = 0;
				GCC_PREPROCESSOR_DEFINITIONS = (
					"DEBUG=1",
					"$(inherited)",
				);
				GCC_WARN_64_TO_32_BIT_CONVERSION = YES;
				GCC_WARN_ABOUT_RETURN_TYPE = YES_ERROR;
				GCC_WARN_UNDECLARED_SELECTOR = YES;
				GCC_WARN_UNINITIALIZED_AUTOS = YES_AGGRESSIVE;
				GCC_WARN_UNUSED_FUNCTION = YES;
				GCC_WARN_UNUSED_VARIABLE = YES;
				IPHONEOS_DEPLOYMENT_TARGET = 9.1;
				MTL_ENABLE_DEBUG_INFO = YES;
				ONLY_ACTIVE_ARCH = YES;
				SDKROOT = iphoneos;
				SWIFT_OPTIMIZATION_LEVEL = "-Onone";
				TARGETED_DEVICE_FAMILY = "1,2";
			};
			name = Debug;
		};
		BC04E6301C76C46A0092CC46 /* Release */ = {
			isa = XCBuildConfiguration;
			buildSettings = {
				ALWAYS_SEARCH_USER_PATHS = NO;
				CLANG_CXX_LANGUAGE_STANDARD = "gnu++0x";
				CLANG_CXX_LIBRARY = "libc++";
				CLANG_ENABLE_MODULES = YES;
				CLANG_ENABLE_OBJC_ARC = YES;
				CLANG_WARN_BOOL_CONVERSION = YES;
				CLANG_WARN_CONSTANT_CONVERSION = YES;
				CLANG_WARN_DIRECT_OBJC_ISA_USAGE = YES_ERROR;
				CLANG_WARN_EMPTY_BODY = YES;
				CLANG_WARN_ENUM_CONVERSION = YES;
				CLANG_WARN_INT_CONVERSION = YES;
				CLANG_WARN_OBJC_ROOT_CLASS = YES_ERROR;
				CLANG_WARN_UNREACHABLE_CODE = YES;
				CLANG_WARN__DUPLICATE_METHOD_MATCH = YES;
				"CODE_SIGN_IDENTITY[sdk=iphoneos*]" = "iPhone Developer";
				COPY_PHASE_STRIP = NO;
				DEBUG_INFORMATION_FORMAT = "dwarf-with-dsym";
				ENABLE_NS_ASSERTIONS = NO;
				ENABLE_STRICT_OBJC_MSGSEND = YES;
				GCC_C_LANGUAGE_STANDARD = gnu99;
				GCC_NO_COMMON_BLOCKS = YES;
				GCC_WARN_64_TO_32_BIT_CONVERSION = YES;
				GCC_WARN_ABOUT_RETURN_TYPE = YES_ERROR;
				GCC_WARN_UNDECLARED_SELECTOR = YES;
				GCC_WARN_UNINITIALIZED_AUTOS = YES_AGGRESSIVE;
				GCC_WARN_UNUSED_FUNCTION = YES;
				GCC_WARN_UNUSED_VARIABLE = YES;
				IPHONEOS_DEPLOYMENT_TARGET = 9.1;
				MTL_ENABLE_DEBUG_INFO = NO;
				SDKROOT = iphoneos;
				TARGETED_DEVICE_FAMILY = "1,2";
				VALIDATE_PRODUCT = YES;
			};
			name = Release;
		};
		BC04E6321C76C46A0092CC46 /* Debug */ = {
			isa = XCBuildConfiguration;
			baseConfigurationReference = 4838F0E4F5335885F1E850C7 /* Pods-NutriApp.debug.xcconfig */;
			buildSettings = {
				ASSETCATALOG_COMPILER_APPICON_NAME = AppIcon;
				INFOPLIST_FILE = NutriApp/Info.plist;
				LD_RUNPATH_SEARCH_PATHS = "$(inherited) @executable_path/Frameworks";
				PRODUCT_BUNDLE_IDENTIFIER = kev.NutriApp;
				PRODUCT_NAME = "$(TARGET_NAME)";
			};
			name = Debug;
		};
		BC04E6331C76C46A0092CC46 /* Release */ = {
			isa = XCBuildConfiguration;
			baseConfigurationReference = 5F7D1BF66BAAA4414B5D7EA2 /* Pods-NutriApp.release.xcconfig */;
			buildSettings = {
				ASSETCATALOG_COMPILER_APPICON_NAME = AppIcon;
				INFOPLIST_FILE = NutriApp/Info.plist;
				LD_RUNPATH_SEARCH_PATHS = "$(inherited) @executable_path/Frameworks";
				PRODUCT_BUNDLE_IDENTIFIER = kev.NutriApp;
				PRODUCT_NAME = "$(TARGET_NAME)";
			};
			name = Release;
		};
/* End XCBuildConfiguration section */

/* Begin XCConfigurationList section */
		BC04E61A1C76C46A0092CC46 /* Build configuration list for PBXProject "NutriApp" */ = {
			isa = XCConfigurationList;
			buildConfigurations = (
				BC04E62F1C76C46A0092CC46 /* Debug */,
				BC04E6301C76C46A0092CC46 /* Release */,
			);
			defaultConfigurationIsVisible = 0;
			defaultConfigurationName = Release;
		};
		BC04E6311C76C46A0092CC46 /* Build configuration list for PBXNativeTarget "NutriApp" */ = {
			isa = XCConfigurationList;
			buildConfigurations = (
				BC04E6321C76C46A0092CC46 /* Debug */,
				BC04E6331C76C46A0092CC46 /* Release */,
			);
			defaultConfigurationIsVisible = 0;
			defaultConfigurationName = Release;
		};
/* End XCConfigurationList section */
	};
	rootObject = BC04E6171C76C46A0092CC46 /* Project object */;
}
